// !$*UTF8*$!
{
	archiveVersion = 1;
	classes = {
	};
	objectVersion = 56;
	objects = {

/* Begin PBXBuildFile section */
		84CC125B2A7943BC008BB0AE /* chatApp.swift in Sources */ = {isa = PBXBuildFile; fileRef = 84CC125A2A7943BC008BB0AE /* chatApp.swift */; };
		84CC125D2A7943BC008BB0AE /* ContentView.swift in Sources */ = {isa = PBXBuildFile; fileRef = 84CC125C2A7943BC008BB0AE /* ContentView.swift */; };
		84CC125F2A7943BD008BB0AE /* Assets.xcassets in Resources */ = {isa = PBXBuildFile; fileRef = 84CC125E2A7943BD008BB0AE /* Assets.xcassets */; };
		84CC12622A7943BD008BB0AE /* Preview Assets.xcassets in Resources */ = {isa = PBXBuildFile; fileRef = 84CC12612A7943BD008BB0AE /* Preview Assets.xcassets */; };
		84CC12692A794434008BB0AE /* GoogleService-Info.plist in Resources */ = {isa = PBXBuildFile; fileRef = 84CC12682A794434008BB0AE /* GoogleService-Info.plist */; };
		84CC126C2A7944B8008BB0AE /* FirebaseAuth in Frameworks */ = {isa = PBXBuildFile; productRef = 84CC126B2A7944B8008BB0AE /* FirebaseAuth */; };
		84CC126E2A7944B8008BB0AE /* FirebaseFirestore in Frameworks */ = {isa = PBXBuildFile; productRef = 84CC126D2A7944B8008BB0AE /* FirebaseFirestore */; };
		84CC12702A7944B8008BB0AE /* FirebaseFirestoreSwift in Frameworks */ = {isa = PBXBuildFile; productRef = 84CC126F2A7944B8008BB0AE /* FirebaseFirestoreSwift */; };
		84CC12722A7944B8008BB0AE /* FirebaseStorage in Frameworks */ = {isa = PBXBuildFile; productRef = 84CC12712A7944B8008BB0AE /* FirebaseStorage */; };
		84CC12752A79462F008BB0AE /* SignUpView.swift in Sources */ = {isa = PBXBuildFile; fileRef = 84CC12742A79462F008BB0AE /* SignUpView.swift */; };
		84CC12782A79485C008BB0AE /* String+Extensions.swift in Sources */ = {isa = PBXBuildFile; fileRef = 84CC12772A79485C008BB0AE /* String+Extensions.swift */; };
		84CC127B2A794E90008BB0AE /* Model.swift in Sources */ = {isa = PBXBuildFile; fileRef = 84CC127A2A794E90008BB0AE /* Model.swift */; };
		84CC127D2A7950BF008BB0AE /* LoginView.swift in Sources */ = {isa = PBXBuildFile; fileRef = 84CC127C2A7950BF008BB0AE /* LoginView.swift */; };
		84CC127F2A795448008BB0AE /* MainView.swift in Sources */ = {isa = PBXBuildFile; fileRef = 84CC127E2A795448008BB0AE /* MainView.swift */; };
		84CC12812A795607008BB0AE /* AppState.swift in Sources */ = {isa = PBXBuildFile; fileRef = 84CC12802A795607008BB0AE /* AppState.swift */; };
		84CC12832A795BEE008BB0AE /* GroupListContainerView.swift in Sources */ = {isa = PBXBuildFile; fileRef = 84CC12822A795BEE008BB0AE /* GroupListContainerView.swift */; };
		84CC12852A795DE1008BB0AE /* AddNewGroupView.swift in Sources */ = {isa = PBXBuildFile; fileRef = 84CC12842A795DE1008BB0AE /* AddNewGroupView.swift */; };
		84CC12892A796F01008BB0AE /* Group.swift in Sources */ = {isa = PBXBuildFile; fileRef = 84CC12882A796F01008BB0AE /* Group.swift */; };
		84CC128C2A799226008BB0AE /* GroupListView.swift in Sources */ = {isa = PBXBuildFile; fileRef = 84CC128B2A799226008BB0AE /* GroupListView.swift */; };
/* End PBXBuildFile section */

/* Begin PBXFileReference section */
		84CC12572A7943BC008BB0AE /* chat.app */ = {isa = PBXFileReference; explicitFileType = wrapper.application; includeInIndex = 0; path = chat.app; sourceTree = BUILT_PRODUCTS_DIR; };
		84CC125A2A7943BC008BB0AE /* chatApp.swift */ = {isa = PBXFileReference; lastKnownFileType = sourcecode.swift; path = chatApp.swift; sourceTree = "<group>"; };
		84CC125C2A7943BC008BB0AE /* ContentView.swift */ = {isa = PBXFileReference; lastKnownFileType = sourcecode.swift; path = ContentView.swift; sourceTree = "<group>"; };
		84CC125E2A7943BD008BB0AE /* Assets.xcassets */ = {isa = PBXFileReference; lastKnownFileType = folder.assetcatalog; path = Assets.xcassets; sourceTree = "<group>"; };
		84CC12612A7943BD008BB0AE /* Preview Assets.xcassets */ = {isa = PBXFileReference; lastKnownFileType = folder.assetcatalog; path = "Preview Assets.xcassets"; sourceTree = "<group>"; };
		84CC12682A794434008BB0AE /* GoogleService-Info.plist */ = {isa = PBXFileReference; fileEncoding = 4; lastKnownFileType = text.plist.xml; path = "GoogleService-Info.plist"; sourceTree = "<group>"; };
		84CC12742A79462F008BB0AE /* SignUpView.swift */ = {isa = PBXFileReference; lastKnownFileType = sourcecode.swift; path = SignUpView.swift; sourceTree = "<group>"; };
		84CC12772A79485C008BB0AE /* String+Extensions.swift */ = {isa = PBXFileReference; lastKnownFileType = sourcecode.swift; path = "String+Extensions.swift"; sourceTree = "<group>"; };
		84CC127A2A794E90008BB0AE /* Model.swift */ = {isa = PBXFileReference; lastKnownFileType = sourcecode.swift; path = Model.swift; sourceTree = "<group>"; };
		84CC127C2A7950BF008BB0AE /* LoginView.swift */ = {isa = PBXFileReference; lastKnownFileType = sourcecode.swift; path = LoginView.swift; sourceTree = "<group>"; };
		84CC127E2A795448008BB0AE /* MainView.swift */ = {isa = PBXFileReference; lastKnownFileType = sourcecode.swift; path = MainView.swift; sourceTree = "<group>"; };
		84CC12802A795607008BB0AE /* AppState.swift */ = {isa = PBXFileReference; lastKnownFileType = sourcecode.swift; path = AppState.swift; sourceTree = "<group>"; };
		84CC12822A795BEE008BB0AE /* GroupListContainerView.swift */ = {isa = PBXFileReference; lastKnownFileType = sourcecode.swift; path = GroupListContainerView.swift; sourceTree = "<group>"; };
		84CC12842A795DE1008BB0AE /* AddNewGroupView.swift */ = {isa = PBXFileReference; lastKnownFileType = sourcecode.swift; path = AddNewGroupView.swift; sourceTree = "<group>"; };
		84CC12882A796F01008BB0AE /* Group.swift */ = {isa = PBXFileReference; lastKnownFileType = sourcecode.swift; path = Group.swift; sourceTree = "<group>"; };
		84CC128A2A798D1D008BB0AE /* Info.plist */ = {isa = PBXFileReference; lastKnownFileType = text.plist; path = Info.plist; sourceTree = "<group>"; };
		84CC128B2A799226008BB0AE /* GroupListView.swift */ = {isa = PBXFileReference; lastKnownFileType = sourcecode.swift; path = GroupListView.swift; sourceTree = "<group>"; };
/* End PBXFileReference section */

/* Begin PBXFrameworksBuildPhase section */
		84CC12542A7943BC008BB0AE /* Frameworks */ = {
			isa = PBXFrameworksBuildPhase;
			buildActionMask = 2147483647;
			files = (
				84CC126C2A7944B8008BB0AE /* FirebaseAuth in Frameworks */,
				84CC12722A7944B8008BB0AE /* FirebaseStorage in Frameworks */,
				84CC126E2A7944B8008BB0AE /* FirebaseFirestore in Frameworks */,
				84CC12702A7944B8008BB0AE /* FirebaseFirestoreSwift in Frameworks */,
			);
			runOnlyForDeploymentPostprocessing = 0;
		};
/* End PBXFrameworksBuildPhase section */

/* Begin PBXGroup section */
		84CC124E2A7943BC008BB0AE = {
			isa = PBXGroup;
			children = (
				84CC12592A7943BC008BB0AE /* chat */,
				84CC12582A7943BC008BB0AE /* Products */,
			);
			sourceTree = "<group>";
		};
		84CC12582A7943BC008BB0AE /* Products */ = {
			isa = PBXGroup;
			children = (
				84CC12572A7943BC008BB0AE /* chat.app */,
			);
			name = Products;
			sourceTree = "<group>";
		};
		84CC12592A7943BC008BB0AE /* chat */ = {
			isa = PBXGroup;
			children = (
				84CC128A2A798D1D008BB0AE /* Info.plist */,
				84CC125A2A7943BC008BB0AE /* chatApp.swift */,
				84CC125C2A7943BC008BB0AE /* ContentView.swift */,
				84CC12792A794E7F008BB0AE /* Models */,
				84CC12762A794824008BB0AE /* Extensions */,
				84CC12732A79461C008BB0AE /* Views */,
				84CC12682A794434008BB0AE /* GoogleService-Info.plist */,
				84CC125E2A7943BD008BB0AE /* Assets.xcassets */,
				84CC12602A7943BD008BB0AE /* Preview Content */,
			);
			path = chat;
			sourceTree = "<group>";
		};
		84CC12602A7943BD008BB0AE /* Preview Content */ = {
			isa = PBXGroup;
			children = (
				84CC12612A7943BD008BB0AE /* Preview Assets.xcassets */,
			);
			path = "Preview Content";
			sourceTree = "<group>";
		};
		84CC12732A79461C008BB0AE /* Views */ = {
			isa = PBXGroup;
			children = (
				84CC127E2A795448008BB0AE /* MainView.swift */,
				84CC12742A79462F008BB0AE /* SignUpView.swift */,
				84CC127C2A7950BF008BB0AE /* LoginView.swift */,
				84CC12822A795BEE008BB0AE /* GroupListContainerView.swift */,
				84CC12842A795DE1008BB0AE /* AddNewGroupView.swift */,
				84CC128B2A799226008BB0AE /* GroupListView.swift */,
			);
			path = Views;
			sourceTree = "<group>";
		};
		84CC12762A794824008BB0AE /* Extensions */ = {
			isa = PBXGroup;
			children = (
				84CC12772A79485C008BB0AE /* String+Extensions.swift */,
			);
			path = Extensions;
			sourceTree = "<group>";
		};
		84CC12792A794E7F008BB0AE /* Models */ = {
			isa = PBXGroup;
			children = (
				84CC127A2A794E90008BB0AE /* Model.swift */,
				84CC12802A795607008BB0AE /* AppState.swift */,
				84CC12882A796F01008BB0AE /* Group.swift */,
			);
			path = Models;
			sourceTree = "<group>";
		};
/* End PBXGroup section */

/* Begin PBXNativeTarget section */
		84CC12562A7943BC008BB0AE /* chat */ = {
			isa = PBXNativeTarget;
			buildConfigurationList = 84CC12652A7943BD008BB0AE /* Build configuration list for PBXNativeTarget "chat" */;
			buildPhases = (
				84CC12532A7943BC008BB0AE /* Sources */,
				84CC12542A7943BC008BB0AE /* Frameworks */,
				84CC12552A7943BC008BB0AE /* Resources */,
			);
			buildRules = (
			);
			dependencies = (
			);
			name = chat;
			packageProductDependencies = (
				84CC126B2A7944B8008BB0AE /* FirebaseAuth */,
				84CC126D2A7944B8008BB0AE /* FirebaseFirestore */,
				84CC126F2A7944B8008BB0AE /* FirebaseFirestoreSwift */,
				84CC12712A7944B8008BB0AE /* FirebaseStorage */,
			);
			productName = chat;
			productReference = 84CC12572A7943BC008BB0AE /* chat.app */;
			productType = "com.apple.product-type.application";
		};
/* End PBXNativeTarget section */

/* Begin PBXProject section */
		84CC124F2A7943BC008BB0AE /* Project object */ = {
			isa = PBXProject;
			attributes = {
				BuildIndependentTargetsInParallel = 1;
				LastSwiftUpdateCheck = 1430;
				LastUpgradeCheck = 1430;
				TargetAttributes = {
					84CC12562A7943BC008BB0AE = {
						CreatedOnToolsVersion = 14.3.1;
					};
				};
			};
			buildConfigurationList = 84CC12522A7943BC008BB0AE /* Build configuration list for PBXProject "chat" */;
			compatibilityVersion = "Xcode 14.0";
			developmentRegion = en;
			hasScannedForEncodings = 0;
			knownRegions = (
				en,
				Base,
			);
			mainGroup = 84CC124E2A7943BC008BB0AE;
			packageReferences = (
				84CC126A2A7944B8008BB0AE /* XCRemoteSwiftPackageReference "firebase-ios-sdk" */,
			);
			productRefGroup = 84CC12582A7943BC008BB0AE /* Products */;
			projectDirPath = "";
			projectRoot = "";
			targets = (
				84CC12562A7943BC008BB0AE /* chat */,
			);
		};
/* End PBXProject section */

/* Begin PBXResourcesBuildPhase section */
		84CC12552A7943BC008BB0AE /* Resources */ = {
			isa = PBXResourcesBuildPhase;
			buildActionMask = 2147483647;
			files = (
				84CC12622A7943BD008BB0AE /* Preview Assets.xcassets in Resources */,
				84CC125F2A7943BD008BB0AE /* Assets.xcassets in Resources */,
				84CC12692A794434008BB0AE /* GoogleService-Info.plist in Resources */,
			);
			runOnlyForDeploymentPostprocessing = 0;
		};
/* End PBXResourcesBuildPhase section */

/* Begin PBXSourcesBuildPhase section */
		84CC12532A7943BC008BB0AE /* Sources */ = {
			isa = PBXSourcesBuildPhase;
			buildActionMask = 2147483647;
			files = (
				84CC12892A796F01008BB0AE /* Group.swift in Sources */,
				84CC127D2A7950BF008BB0AE /* LoginView.swift in Sources */,
				84CC12852A795DE1008BB0AE /* AddNewGroupView.swift in Sources */,
				84CC127F2A795448008BB0AE /* MainView.swift in Sources */,
				84CC127B2A794E90008BB0AE /* Model.swift in Sources */,
				84CC12812A795607008BB0AE /* AppState.swift in Sources */,
				84CC12782A79485C008BB0AE /* String+Extensions.swift in Sources */,
				84CC125D2A7943BC008BB0AE /* ContentView.swift in Sources */,
				84CC12832A795BEE008BB0AE /* GroupListContainerView.swift in Sources */,
				84CC12752A79462F008BB0AE /* SignUpView.swift in Sources */,
				84CC128C2A799226008BB0AE /* GroupListView.swift in Sources */,
				84CC125B2A7943BC008BB0AE /* chatApp.swift in Sources */,
			);
			runOnlyForDeploymentPostprocessing = 0;
		};
/* End PBXSourcesBuildPhase section */

/* Begin XCBuildConfiguration section */
		84CC12632A7943BD008BB0AE /* Debug */ = {
			isa = XCBuildConfiguration;
			buildSettings = {
				ALWAYS_SEARCH_USER_PATHS = NO;
				CLANG_ANALYZER_NONNULL = YES;
				CLANG_ANALYZER_NUMBER_OBJECT_CONVERSION = YES_AGGRESSIVE;
				CLANG_CXX_LANGUAGE_STANDARD = "gnu++20";
				CLANG_ENABLE_MODULES = YES;
				CLANG_ENABLE_OBJC_ARC = YES;
				CLANG_ENABLE_OBJC_WEAK = YES;
				CLANG_WARN_BLOCK_CAPTURE_AUTORELEASING = YES;
				CLANG_WARN_BOOL_CONVERSION = YES;
				CLANG_WARN_COMMA = YES;
				CLANG_WARN_CONSTANT_CONVERSION = YES;
				CLANG_WARN_DEPRECATED_OBJC_IMPLEMENTATIONS = YES;
				CLANG_WARN_DIRECT_OBJC_ISA_USAGE = YES_ERROR;
				CLANG_WARN_DOCUMENTATION_COMMENTS = YES;
				CLANG_WARN_EMPTY_BODY = YES;
				CLANG_WARN_ENUM_CONVERSION = YES;
				CLANG_WARN_INFINITE_RECURSION = YES;
				CLANG_WARN_INT_CONVERSION = YES;
				CLANG_WARN_NON_LITERAL_NULL_CONVERSION = YES;
				CLANG_WARN_OBJC_IMPLICIT_RETAIN_SELF = YES;
				CLANG_WARN_OBJC_LITERAL_CONVERSION = YES;
				CLANG_WARN_OBJC_ROOT_CLASS = YES_ERROR;
				CLANG_WARN_QUOTED_INCLUDE_IN_FRAMEWORK_HEADER = YES;
				CLANG_WARN_RANGE_LOOP_ANALYSIS = YES;
				CLANG_WARN_STRICT_PROTOTYPES = YES;
				CLANG_WARN_SUSPICIOUS_MOVE = YES;
				CLANG_WARN_UNGUARDED_AVAILABILITY = YES_AGGRESSIVE;
				CLANG_WARN_UNREACHABLE_CODE = YES;
				CLANG_WARN__DUPLICATE_METHOD_MATCH = YES;
				COPY_PHASE_STRIP = NO;
				DEBUG_INFORMATION_FORMAT = dwarf;
				ENABLE_STRICT_OBJC_MSGSEND = YES;
				ENABLE_TESTABILITY = YES;
				GCC_C_LANGUAGE_STANDARD = gnu11;
				GCC_DYNAMIC_NO_PIC = NO;
				GCC_NO_COMMON_BLOCKS = YES;
				GCC_OPTIMIZATION_LEVEL = 0;
				GCC_PREPROCESSOR_DEFINITIONS = (
					"DEBUG=1",
					"$(inherited)",
				);
				GCC_WARN_64_TO_32_BIT_CONVERSION = YES;
				GCC_WARN_ABOUT_RETURN_TYPE = YES_ERROR;
				GCC_WARN_UNDECLARED_SELECTOR = YES;
				GCC_WARN_UNINITIALIZED_AUTOS = YES_AGGRESSIVE;
				GCC_WARN_UNUSED_FUNCTION = YES;
				GCC_WARN_UNUSED_VARIABLE = YES;
				IPHONEOS_DEPLOYMENT_TARGET = 16.4;
				MTL_ENABLE_DEBUG_INFO = INCLUDE_SOURCE;
				MTL_FAST_MATH = YES;
				ONLY_ACTIVE_ARCH = YES;
				SDKROOT = iphoneos;
				SWIFT_ACTIVE_COMPILATION_CONDITIONS = DEBUG;
				SWIFT_OPTIMIZATION_LEVEL = "-Onone";
			};
			name = Debug;
		};
		84CC12642A7943BD008BB0AE /* Release */ = {
			isa = XCBuildConfiguration;
			buildSettings = {
				ALWAYS_SEARCH_USER_PATHS = NO;
				CLANG_ANALYZER_NONNULL = YES;
				CLANG_ANALYZER_NUMBER_OBJECT_CONVERSION = YES_AGGRESSIVE;
				CLANG_CXX_LANGUAGE_STANDARD = "gnu++20";
				CLANG_ENABLE_MODULES = YES;
				CLANG_ENABLE_OBJC_ARC = YES;
				CLANG_ENABLE_OBJC_WEAK = YES;
				CLANG_WARN_BLOCK_CAPTURE_AUTORELEASING = YES;
				CLANG_WARN_BOOL_CONVERSION = YES;
				CLANG_WARN_COMMA = YES;
				CLANG_WARN_CONSTANT_CONVERSION = YES;
				CLANG_WARN_DEPRECATED_OBJC_IMPLEMENTATIONS = YES;
				CLANG_WARN_DIRECT_OBJC_ISA_USAGE = YES_ERROR;
				CLANG_WARN_DOCUMENTATION_COMMENTS = YES;
				CLANG_WARN_EMPTY_BODY = YES;
				CLANG_WARN_ENUM_CONVERSION = YES;
				CLANG_WARN_INFINITE_RECURSION = YES;
				CLANG_WARN_INT_CONVERSION = YES;
				CLANG_WARN_NON_LITERAL_NULL_CONVERSION = YES;
				CLANG_WARN_OBJC_IMPLICIT_RETAIN_SELF = YES;
				CLANG_WARN_OBJC_LITERAL_CONVERSION = YES;
				CLANG_WARN_OBJC_ROOT_CLASS = YES_ERROR;
				CLANG_WARN_QUOTED_INCLUDE_IN_FRAMEWORK_HEADER = YES;
				CLANG_WARN_RANGE_LOOP_ANALYSIS = YES;
				CLANG_WARN_STRICT_PROTOTYPES = YES;
				CLANG_WARN_SUSPICIOUS_MOVE = YES;
				CLANG_WARN_UNGUARDED_AVAILABILITY = YES_AGGRESSIVE;
				CLANG_WARN_UNREACHABLE_CODE = YES;
				CLANG_WARN__DUPLICATE_METHOD_MATCH = YES;
				COPY_PHASE_STRIP = NO;
				DEBUG_INFORMATION_FORMAT = "dwarf-with-dsym";
				ENABLE_NS_ASSERTIONS = NO;
				ENABLE_STRICT_OBJC_MSGSEND = YES;
				GCC_C_LANGUAGE_STANDARD = gnu11;
				GCC_NO_COMMON_BLOCKS = YES;
				GCC_WARN_64_TO_32_BIT_CONVERSION = YES;
				GCC_WARN_ABOUT_RETURN_TYPE = YES_ERROR;
				GCC_WARN_UNDECLARED_SELECTOR = YES;
				GCC_WARN_UNINITIALIZED_AUTOS = YES_AGGRESSIVE;
				GCC_WARN_UNUSED_FUNCTION = YES;
				GCC_WARN_UNUSED_VARIABLE = YES;
				IPHONEOS_DEPLOYMENT_TARGET = 16.4;
				MTL_ENABLE_DEBUG_INFO = NO;
				MTL_FAST_MATH = YES;
				SDKROOT = iphoneos;
				SWIFT_COMPILATION_MODE = wholemodule;
				SWIFT_OPTIMIZATION_LEVEL = "-O";
				VALIDATE_PRODUCT = YES;
			};
			name = Release;
		};
		84CC12662A7943BD008BB0AE /* Debug */ = {
			isa = XCBuildConfiguration;
			buildSettings = {
				ASSETCATALOG_COMPILER_APPICON_NAME = AppIcon;
				ASSETCATALOG_COMPILER_GLOBAL_ACCENT_COLOR_NAME = AccentColor;
				CODE_SIGN_STYLE = Automatic;
				CURRENT_PROJECT_VERSION = 1;
				DEVELOPMENT_ASSET_PATHS = "\"chat/Preview Content\"";
				DEVELOPMENT_TEAM = Z8S324L6HY;
				ENABLE_PREVIEWS = YES;
				GENERATE_INFOPLIST_FILE = YES;
				INFOPLIST_FILE = chat/Info.plist;
				INFOPLIST_KEY_UIApplicationSceneManifest_Generation = YES;
				INFOPLIST_KEY_UIApplicationSupportsIndirectInputEvents = YES;
				INFOPLIST_KEY_UILaunchScreen_Generation = YES;
				INFOPLIST_KEY_UISupportedInterfaceOrientations_iPad = "UIInterfaceOrientationPortrait UIInterfaceOrientationPortraitUpsideDown UIInterfaceOrientationLandscapeLeft UIInterfaceOrientationLandscapeRight";
				INFOPLIST_KEY_UISupportedInterfaceOrientations_iPhone = "UIInterfaceOrientationPortrait UIInterfaceOrientationLandscapeLeft UIInterfaceOrientationLandscapeRight";
				LD_RUNPATH_SEARCH_PATHS = (
					"$(inherited)",
					"@executable_path/Frameworks",
				);
				MARKETING_VERSION = 1.0;
				PRODUCT_BUNDLE_IDENTIFIER = io.projects.chat;
				PRODUCT_NAME = "$(TARGET_NAME)";
				SWIFT_EMIT_LOC_STRINGS = YES;
				SWIFT_VERSION = 5.0;
				TARGETED_DEVICE_FAMILY = "1,2";
			};
			name = Debug;
		};
		84CC12672A7943BD008BB0AE /* Release */ = {
			isa = XCBuildConfiguration;
			buildSettings = {
				ASSETCATALOG_COMPILER_APPICON_NAME = AppIcon;
				ASSETCATALOG_COMPILER_GLOBAL_ACCENT_COLOR_NAME = AccentColor;
				CODE_SIGN_STYLE = Automatic;
				CURRENT_PROJECT_VERSION = 1;
				DEVELOPMENT_ASSET_PATHS = "\"chat/Preview Content\"";
				DEVELOPMENT_TEAM = Z8S324L6HY;
				ENABLE_PREVIEWS = YES;
				GENERATE_INFOPLIST_FILE = YES;
				INFOPLIST_FILE = chat/Info.plist;
				INFOPLIST_KEY_UIApplicationSceneManifest_Generation = YES;
				INFOPLIST_KEY_UIApplicationSupportsIndirectInputEvents = YES;
				INFOPLIST_KEY_UILaunchScreen_Generation = YES;
				INFOPLIST_KEY_UISupportedInterfaceOrientations_iPad = "UIInterfaceOrientationPortrait UIInterfaceOrientationPortraitUpsideDown UIInterfaceOrientationLandscapeLeft UIInterfaceOrientationLandscapeRight";
				INFOPLIST_KEY_UISupportedInterfaceOrientations_iPhone = "UIInterfaceOrientationPortrait UIInterfaceOrientationLandscapeLeft UIInterfaceOrientationLandscapeRight";
				LD_RUNPATH_SEARCH_PATHS = (
					"$(inherited)",
					"@executable_path/Frameworks",
				);
				MARKETING_VERSION = 1.0;
				PRODUCT_BUNDLE_IDENTIFIER = io.projects.chat;
				PRODUCT_NAME = "$(TARGET_NAME)";
				SWIFT_EMIT_LOC_STRINGS = YES;
				SWIFT_VERSION = 5.0;
				TARGETED_DEVICE_FAMILY = "1,2";
			};
			name = Release;
		};
/* End XCBuildConfiguration section */

/* Begin XCConfigurationList section */
		84CC12522A7943BC008BB0AE /* Build configuration list for PBXProject "chat" */ = {
			isa = XCConfigurationList;
			buildConfigurations = (
				84CC12632A7943BD008BB0AE /* Debug */,
				84CC12642A7943BD008BB0AE /* Release */,
			);
			defaultConfigurationIsVisible = 0;
			defaultConfigurationName = Release;
		};
		84CC12652A7943BD008BB0AE /* Build configuration list for PBXNativeTarget "chat" */ = {
			isa = XCConfigurationList;
			buildConfigurations = (
				84CC12662A7943BD008BB0AE /* Debug */,
				84CC12672A7943BD008BB0AE /* Release */,
			);
			defaultConfigurationIsVisible = 0;
			defaultConfigurationName = Release;
		};
/* End XCConfigurationList section */

/* Begin XCRemoteSwiftPackageReference section */
		84CC126A2A7944B8008BB0AE /* XCRemoteSwiftPackageReference "firebase-ios-sdk" */ = {
			isa = XCRemoteSwiftPackageReference;
			repositoryURL = "https://github.com/firebase/firebase-ios-sdk";
			requirement = {
				kind = upToNextMajorVersion;
				minimumVersion = 10.0.0;
			};
		};
/* End XCRemoteSwiftPackageReference section */

/* Begin XCSwiftPackageProductDependency section */
		84CC126B2A7944B8008BB0AE /* FirebaseAuth */ = {
			isa = XCSwiftPackageProductDependency;
			package = 84CC126A2A7944B8008BB0AE /* XCRemoteSwiftPackageReference "firebase-ios-sdk" */;
			productName = FirebaseAuth;
		};
		84CC126D2A7944B8008BB0AE /* FirebaseFirestore */ = {
			isa = XCSwiftPackageProductDependency;
			package = 84CC126A2A7944B8008BB0AE /* XCRemoteSwiftPackageReference "firebase-ios-sdk" */;
			productName = FirebaseFirestore;
		};
		84CC126F2A7944B8008BB0AE /* FirebaseFirestoreSwift */ = {
			isa = XCSwiftPackageProductDependency;
			package = 84CC126A2A7944B8008BB0AE /* XCRemoteSwiftPackageReference "firebase-ios-sdk" */;
			productName = FirebaseFirestoreSwift;
		};
		84CC12712A7944B8008BB0AE /* FirebaseStorage */ = {
			isa = XCSwiftPackageProductDependency;
			package = 84CC126A2A7944B8008BB0AE /* XCRemoteSwiftPackageReference "firebase-ios-sdk" */;
			productName = FirebaseStorage;
		};
/* End XCSwiftPackageProductDependency section */
	};
	rootObject = 84CC124F2A7943BC008BB0AE /* Project object */;
}
